
Microsoft Visual Studio Solution File, Format Version 12.00
# Visual Studio Version 16
VisualStudioVersion = 16.0.32802.440
MinimumVisualStudioVersion = 10.0.40219.1
Project("{FAE04EC0-301F-11D3-BF4B-00C04F79EFBC}") = "LTUDMIS62", "LTUDMIS62\LTUDMIS62.csproj", "{BDA32332-05FA-4F87-BFF1-3DEDA9DC6788}"
EndProject
Global
	GlobalSection(SolutionConfigurationPlatforms) = preSolution
		Debug|Any CPU = Debug|Any CPU
		Release|Any CPU = Release|Any CPU
	EndGlobalSection
	GlobalSection(ProjectConfigurationPlatforms) = postSolution
		{BDA32332-05FA-4F87-BFF1-3DEDA9DC6788}.Debug|Any CPU.ActiveCfg = Debug|Any CPU
		{BDA32332-05FA-4F87-BFF1-3DEDA9DC6788}.Debug|Any CPU.Build.0 = Debug|Any CPU
		{BDA32332-05FA-4F87-BFF1-3DEDA9DC6788}.Release|Any CPU.ActiveCfg = Release|Any CPU
		{BDA32332-05FA-4F87-BFF1-3DEDA9DC6788}.Release|Any CPU.Build.0 = Release|Any CPU
	EndGlobalSection
	GlobalSection(SolutionProperties) = preSolution
		HideSolutionNode = FALSE
	EndGlobalSection
	GlobalSection(ExtensibilityGlobals) = postSolution
		SolutionGuid = {455677E8-6593-4287-80B3-A70E12867B2F}
	EndGlobalSection
EndGlobal
